
Microsoft Visual Studio Solution File, Format Version 12.00
# Visual Studio Version 16
VisualStudioVersion = 16.0.31129.286
MinimumVisualStudioVersion = 10.0.40219.1
Project("{FAE04EC0-301F-11D3-BF4B-00C04F79EFBC}") = "Aboba", "Aboba\Aboba.csproj", "{B38D7498-7FD8-48FE-B803-4F1F05C27D5B}"
EndProject
Global
	GlobalSection(SolutionConfigurationPlatforms) = preSolution
		Debug|Any CPU = Debug|Any CPU
		Release|Any CPU = Release|Any CPU
	EndGlobalSection
	GlobalSection(ProjectConfigurationPlatforms) = postSolution
		{B38D7498-7FD8-48FE-B803-4F1F05C27D5B}.Debug|Any CPU.ActiveCfg = Debug|Any CPU
		{B38D7498-7FD8-48FE-B803-4F1F05C27D5B}.Debug|Any CPU.Build.0 = Debug|Any CPU
		{B38D7498-7FD8-48FE-B803-4F1F05C27D5B}.Release|Any CPU.ActiveCfg = Release|Any CPU
		{B38D7498-7FD8-48FE-B803-4F1F05C27D5B}.Release|Any CPU.Build.0 = Release|Any CPU
	EndGlobalSection
	GlobalSection(SolutionProperties) = preSolution
		HideSolutionNode = FALSE
	EndGlobalSection
	GlobalSection(ExtensibilityGlobals) = postSolution
		SolutionGuid = {2B9A0656-E2DD-4286-854E-0758CBEFD2C9}
	EndGlobalSection
EndGlobal
